// !$*UTF8*$!
{
	archiveVersion = 1;
	classes = {
	};
	objectVersion = 56;
	objects = {

/* Begin PBXBuildFile section */
		7916EE7E2B6E7C7F00E7B1EC /* AppleMusic_2App.swift in Sources */ = {isa = PBXBuildFile; fileRef = 7916EE7D2B6E7C7F00E7B1EC /* AppleMusic_2App.swift */; };
		7916EE802B6E7C7F00E7B1EC /* LibraryView.swift in Sources */ = {isa = PBXBuildFile; fileRef = 7916EE7F2B6E7C7F00E7B1EC /* LibraryView.swift */; };
		7916EE822B6E7C8100E7B1EC /* Assets.xcassets in Resources */ = {isa = PBXBuildFile; fileRef = 7916EE812B6E7C8100E7B1EC /* Assets.xcassets */; };
		7916EE852B6E7C8100E7B1EC /* Preview Assets.xcassets in Resources */ = {isa = PBXBuildFile; fileRef = 7916EE842B6E7C8100E7B1EC /* Preview Assets.xcassets */; };
		7916EE8C2B6E7DD900E7B1EC /* TabBarView.swift in Sources */ = {isa = PBXBuildFile; fileRef = 7916EE8B2B6E7DD900E7B1EC /* TabBarView.swift */; };
		7916EE8E2B6E7DF600E7B1EC /* PlayerView.swift in Sources */ = {isa = PBXBuildFile; fileRef = 7916EE8D2B6E7DF600E7B1EC /* PlayerView.swift */; };
		7916EE902B6E7E0700E7B1EC /* ListView.swift in Sources */ = {isa = PBXBuildFile; fileRef = 7916EE8F2B6E7E0700E7B1EC /* ListView.swift */; };
		7916EE922B6E7E1500E7B1EC /* ListModel.swift in Sources */ = {isa = PBXBuildFile; fileRef = 7916EE912B6E7E1500E7B1EC /* ListModel.swift */; };
		7916EE942B6E7E3500E7B1EC /* ModelCell.swift in Sources */ = {isa = PBXBuildFile; fileRef = 7916EE932B6E7E3500E7B1EC /* ModelCell.swift */; };
		7916EEA02B6FA5DB00E7B1EC /* RadioView.swift in Sources */ = {isa = PBXBuildFile; fileRef = 7916EE9F2B6FA5DB00E7B1EC /* RadioView.swift */; };
		7916EEA22B6FBEEC00E7B1EC /* MainStationView.swift in Sources */ = {isa = PBXBuildFile; fileRef = 7916EEA12B6FBEEC00E7B1EC /* MainStationView.swift */; };
		7916EEA42B6FBEFA00E7B1EC /* StationView.swift in Sources */ = {isa = PBXBuildFile; fileRef = 7916EEA32B6FBEFA00E7B1EC /* StationView.swift */; };
		7916EEA72B6FC2C400E7B1EC /* RadioModel.swift in Sources */ = {isa = PBXBuildFile; fileRef = 7916EEA62B6FC2C400E7B1EC /* RadioModel.swift */; };
/* End PBXBuildFile section */

/* Begin PBXFileReference section */
		7916EE7A2B6E7C7F00E7B1EC /* AppleMusic_2.app */ = {isa = PBXFileReference; explicitFileType = wrapper.application; includeInIndex = 0; path = AppleMusic_2.app; sourceTree = BUILT_PRODUCTS_DIR; };
		7916EE7D2B6E7C7F00E7B1EC /* AppleMusic_2App.swift */ = {isa = PBXFileReference; lastKnownFileType = sourcecode.swift; path = AppleMusic_2App.swift; sourceTree = "<group>"; };
		7916EE7F2B6E7C7F00E7B1EC /* LibraryView.swift */ = {isa = PBXFileReference; lastKnownFileType = sourcecode.swift; path = LibraryView.swift; sourceTree = "<group>"; };
		7916EE812B6E7C8100E7B1EC /* Assets.xcassets */ = {isa = PBXFileReference; lastKnownFileType = folder.assetcatalog; path = Assets.xcassets; sourceTree = "<group>"; };
		7916EE842B6E7C8100E7B1EC /* Preview Assets.xcassets */ = {isa = PBXFileReference; lastKnownFileType = folder.assetcatalog; path = "Preview Assets.xcassets"; sourceTree = "<group>"; };
		7916EE8B2B6E7DD900E7B1EC /* TabBarView.swift */ = {isa = PBXFileReference; lastKnownFileType = sourcecode.swift; path = TabBarView.swift; sourceTree = "<group>"; };
		7916EE8D2B6E7DF600E7B1EC /* PlayerView.swift */ = {isa = PBXFileReference; lastKnownFileType = sourcecode.swift; path = PlayerView.swift; sourceTree = "<group>"; };
		7916EE8F2B6E7E0700E7B1EC /* ListView.swift */ = {isa = PBXFileReference; lastKnownFileType = sourcecode.swift; path = ListView.swift; sourceTree = "<group>"; };
		7916EE912B6E7E1500E7B1EC /* ListModel.swift */ = {isa = PBXFileReference; lastKnownFileType = sourcecode.swift; path = ListModel.swift; sourceTree = "<group>"; };
		7916EE932B6E7E3500E7B1EC /* ModelCell.swift */ = {isa = PBXFileReference; lastKnownFileType = sourcecode.swift; path = ModelCell.swift; sourceTree = "<group>"; };
		7916EE9F2B6FA5DB00E7B1EC /* RadioView.swift */ = {isa = PBXFileReference; lastKnownFileType = sourcecode.swift; path = RadioView.swift; sourceTree = "<group>"; };
		7916EEA12B6FBEEC00E7B1EC /* MainStationView.swift */ = {isa = PBXFileReference; lastKnownFileType = sourcecode.swift; path = MainStationView.swift; sourceTree = "<group>"; };
		7916EEA32B6FBEFA00E7B1EC /* StationView.swift */ = {isa = PBXFileReference; lastKnownFileType = sourcecode.swift; path = StationView.swift; sourceTree = "<group>"; };
		7916EEA62B6FC2C400E7B1EC /* RadioModel.swift */ = {isa = PBXFileReference; lastKnownFileType = sourcecode.swift; path = RadioModel.swift; sourceTree = "<group>"; };
/* End PBXFileReference section */

/* Begin PBXFrameworksBuildPhase section */
		7916EE772B6E7C7F00E7B1EC /* Frameworks */ = {
			isa = PBXFrameworksBuildPhase;
			buildActionMask = 2147483647;
			files = (
			);
			runOnlyForDeploymentPostprocessing = 0;
		};
/* End PBXFrameworksBuildPhase section */

/* Begin PBXGroup section */
		7916EE712B6E7C7F00E7B1EC = {
			isa = PBXGroup;
			children = (
				7916EE7C2B6E7C7F00E7B1EC /* AppleMusic_2 */,
				7916EE7B2B6E7C7F00E7B1EC /* Products */,
			);
			sourceTree = "<group>";
		};
		7916EE7B2B6E7C7F00E7B1EC /* Products */ = {
			isa = PBXGroup;
			children = (
				7916EE7A2B6E7C7F00E7B1EC /* AppleMusic_2.app */,
			);
			name = Products;
			sourceTree = "<group>";
		};
		7916EE7C2B6E7C7F00E7B1EC /* AppleMusic_2 */ = {
			isa = PBXGroup;
			children = (
				7916EE9E2B6FA32600E7B1EC /* App */,
				7916EE9B2B6FA27D00E7B1EC /* TabBar */,
				7916EE9C2B6FA29600E7B1EC /* MiniPlayer */,
				7916EE9D2B6FA2B000E7B1EC /* MediaScreen */,
				7916EE9A2B6FA1F600E7B1EC /* RadioScreen */,
				7916EE812B6E7C8100E7B1EC /* Assets.xcassets */,
				7916EE832B6E7C8100E7B1EC /* Preview Content */,
			);
			path = AppleMusic_2;
			sourceTree = "<group>";
		};
		7916EE832B6E7C8100E7B1EC /* Preview Content */ = {
			isa = PBXGroup;
			children = (
				7916EE842B6E7C8100E7B1EC /* Preview Assets.xcassets */,
			);
			path = "Preview Content";
			sourceTree = "<group>";
		};
		7916EE952B6E7E4000E7B1EC /* List */ = {
			isa = PBXGroup;
			children = (
				7916EE8F2B6E7E0700E7B1EC /* ListView.swift */,
				7916EE912B6E7E1500E7B1EC /* ListModel.swift */,
				7916EE932B6E7E3500E7B1EC /* ModelCell.swift */,
			);
			path = List;
			sourceTree = "<group>";
		};
		7916EE9A2B6FA1F600E7B1EC /* RadioScreen */ = {
			isa = PBXGroup;
			children = (
				7916EEA62B6FC2C400E7B1EC /* RadioModel.swift */,
				7916EE9F2B6FA5DB00E7B1EC /* RadioView.swift */,
				7916EEA12B6FBEEC00E7B1EC /* MainStationView.swift */,
				7916EEA32B6FBEFA00E7B1EC /* StationView.swift */,
			);
			path = RadioScreen;
			sourceTree = "<group>";
		};
		7916EE9B2B6FA27D00E7B1EC /* TabBar */ = {
			isa = PBXGroup;
			children = (
				7916EE8B2B6E7DD900E7B1EC /* TabBarView.swift */,
			);
			path = TabBar;
			sourceTree = "<group>";
		};
		7916EE9C2B6FA29600E7B1EC /* MiniPlayer */ = {
			isa = PBXGroup;
			children = (
				7916EE8D2B6E7DF600E7B1EC /* PlayerView.swift */,
			);
			path = MiniPlayer;
			sourceTree = "<group>";
		};
		7916EE9D2B6FA2B000E7B1EC /* MediaScreen */ = {
			isa = PBXGroup;
			children = (
				7916EE7F2B6E7C7F00E7B1EC /* LibraryView.swift */,
				7916EE952B6E7E4000E7B1EC /* List */,
			);
			path = MediaScreen;
			sourceTree = "<group>";
		};
		7916EE9E2B6FA32600E7B1EC /* App */ = {
			isa = PBXGroup;
			children = (
				7916EE7D2B6E7C7F00E7B1EC /* AppleMusic_2App.swift */,
			);
			path = App;
			sourceTree = "<group>";
		};
/* End PBXGroup section */

/* Begin PBXNativeTarget section */
		7916EE792B6E7C7F00E7B1EC /* AppleMusic_2 */ = {
			isa = PBXNativeTarget;
			buildConfigurationList = 7916EE882B6E7C8100E7B1EC /* Build configuration list for PBXNativeTarget "AppleMusic_2" */;
			buildPhases = (
				7916EE762B6E7C7F00E7B1EC /* Sources */,
				7916EE772B6E7C7F00E7B1EC /* Frameworks */,
				7916EE782B6E7C7F00E7B1EC /* Resources */,
			);
			buildRules = (
			);
			dependencies = (
			);
			name = AppleMusic_2;
			productName = AppleMusic_2;
			productReference = 7916EE7A2B6E7C7F00E7B1EC /* AppleMusic_2.app */;
			productType = "com.apple.product-type.application";
		};
/* End PBXNativeTarget section */

/* Begin PBXProject section */
		7916EE722B6E7C7F00E7B1EC /* Project object */ = {
			isa = PBXProject;
			attributes = {
				BuildIndependentTargetsInParallel = 1;
				LastSwiftUpdateCheck = 1430;
				LastUpgradeCheck = 1430;
				TargetAttributes = {
					7916EE792B6E7C7F00E7B1EC = {
						CreatedOnToolsVersion = 14.3.1;
					};
				};
			};
			buildConfigurationList = 7916EE752B6E7C7F00E7B1EC /* Build configuration list for PBXProject "AppleMusic_2" */;
			compatibilityVersion = "Xcode 14.0";
			developmentRegion = en;
			hasScannedForEncodings = 0;
			knownRegions = (
				en,
				Base,
			);
			mainGroup = 7916EE712B6E7C7F00E7B1EC;
			productRefGroup = 7916EE7B2B6E7C7F00E7B1EC /* Products */;
			projectDirPath = "";
			projectRoot = "";
			targets = (
				7916EE792B6E7C7F00E7B1EC /* AppleMusic_2 */,
			);
		};
/* End PBXProject section */

/* Begin PBXResourcesBuildPhase section */
		7916EE782B6E7C7F00E7B1EC /* Resources */ = {
			isa = PBXResourcesBuildPhase;
			buildActionMask = 2147483647;
			files = (
				7916EE852B6E7C8100E7B1EC /* Preview Assets.xcassets in Resources */,
				7916EE822B6E7C8100E7B1EC /* Assets.xcassets in Resources */,
			);
			runOnlyForDeploymentPostprocessing = 0;
		};
/* End PBXResourcesBuildPhase section */

/* Begin PBXSourcesBuildPhase section */
		7916EE762B6E7C7F00E7B1EC /* Sources */ = {
			isa = PBXSourcesBuildPhase;
			buildActionMask = 2147483647;
			files = (
				7916EE802B6E7C7F00E7B1EC /* LibraryView.swift in Sources */,
				7916EE8C2B6E7DD900E7B1EC /* TabBarView.swift in Sources */,
				7916EEA72B6FC2C400E7B1EC /* RadioModel.swift in Sources */,
				7916EE902B6E7E0700E7B1EC /* ListView.swift in Sources */,
				7916EEA22B6FBEEC00E7B1EC /* MainStationView.swift in Sources */,
				7916EE7E2B6E7C7F00E7B1EC /* AppleMusic_2App.swift in Sources */,
				7916EEA02B6FA5DB00E7B1EC /* RadioView.swift in Sources */,
				7916EE8E2B6E7DF600E7B1EC /* PlayerView.swift in Sources */,
				7916EE942B6E7E3500E7B1EC /* ModelCell.swift in Sources */,
				7916EE922B6E7E1500E7B1EC /* ListModel.swift in Sources */,
				7916EEA42B6FBEFA00E7B1EC /* StationView.swift in Sources */,
			);
			runOnlyForDeploymentPostprocessing = 0;
		};
/* End PBXSourcesBuildPhase section */

/* Begin XCBuildConfiguration section */
		7916EE862B6E7C8100E7B1EC /* Debug */ = {
			isa = XCBuildConfiguration;
			buildSettings = {
				ALWAYS_SEARCH_USER_PATHS = NO;
				CLANG_ANALYZER_NONNULL = YES;
				CLANG_ANALYZER_NUMBER_OBJECT_CONVERSION = YES_AGGRESSIVE;
				CLANG_CXX_LANGUAGE_STANDARD = "gnu++20";
				CLANG_ENABLE_MODULES = YES;
				CLANG_ENABLE_OBJC_ARC = YES;
				CLANG_ENABLE_OBJC_WEAK = YES;
				CLANG_WARN_BLOCK_CAPTURE_AUTORELEASING = YES;
				CLANG_WARN_BOOL_CONVERSION = YES;
				CLANG_WARN_COMMA = YES;
				CLANG_WARN_CONSTANT_CONVERSION = YES;
				CLANG_WARN_DEPRECATED_OBJC_IMPLEMENTATIONS = YES;
				CLANG_WARN_DIRECT_OBJC_ISA_USAGE = YES_ERROR;
				CLANG_WARN_DOCUMENTATION_COMMENTS = YES;
				CLANG_WARN_EMPTY_BODY = YES;
				CLANG_WARN_ENUM_CONVERSION = YES;
				CLANG_WARN_INFINITE_RECURSION = YES;
				CLANG_WARN_INT_CONVERSION = YES;
				CLANG_WARN_NON_LITERAL_NULL_CONVERSION = YES;
				CLANG_WARN_OBJC_IMPLICIT_RETAIN_SELF = YES;
				CLANG_WARN_OBJC_LITERAL_CONVERSION = YES;
				CLANG_WARN_OBJC_ROOT_CLASS = YES_ERROR;
				CLANG_WARN_QUOTED_INCLUDE_IN_FRAMEWORK_HEADER = YES;
				CLANG_WARN_RANGE_LOOP_ANALYSIS = YES;
				CLANG_WARN_STRICT_PROTOTYPES = YES;
				CLANG_WARN_SUSPICIOUS_MOVE = YES;
				CLANG_WARN_UNGUARDED_AVAILABILITY = YES_AGGRESSIVE;
				CLANG_WARN_UNREACHABLE_CODE = YES;
				CLANG_WARN__DUPLICATE_METHOD_MATCH = YES;
				COPY_PHASE_STRIP = NO;
				DEBUG_INFORMATION_FORMAT = dwarf;
				ENABLE_STRICT_OBJC_MSGSEND = YES;
				ENABLE_TESTABILITY = YES;
				GCC_C_LANGUAGE_STANDARD = gnu11;
				GCC_DYNAMIC_NO_PIC = NO;
				GCC_NO_COMMON_BLOCKS = YES;
				GCC_OPTIMIZATION_LEVEL = 0;
				GCC_PREPROCESSOR_DEFINITIONS = (
					"DEBUG=1",
					"$(inherited)",
				);
				GCC_WARN_64_TO_32_BIT_CONVERSION = YES;
				GCC_WARN_ABOUT_RETURN_TYPE = YES_ERROR;
				GCC_WARN_UNDECLARED_SELECTOR = YES;
				GCC_WARN_UNINITIALIZED_AUTOS = YES_AGGRESSIVE;
				GCC_WARN_UNUSED_FUNCTION = YES;
				GCC_WARN_UNUSED_VARIABLE = YES;
				IPHONEOS_DEPLOYMENT_TARGET = 16.4;
				MTL_ENABLE_DEBUG_INFO = INCLUDE_SOURCE;
				MTL_FAST_MATH = YES;
				ONLY_ACTIVE_ARCH = YES;
				SDKROOT = iphoneos;
				SWIFT_ACTIVE_COMPILATION_CONDITIONS = DEBUG;
				SWIFT_OPTIMIZATION_LEVEL = "-Onone";
			};
			name = Debug;
		};
		7916EE872B6E7C8100E7B1EC /* Release */ = {
			isa = XCBuildConfiguration;
			buildSettings = {
				ALWAYS_SEARCH_USER_PATHS = NO;
				CLANG_ANALYZER_NONNULL = YES;
				CLANG_ANALYZER_NUMBER_OBJECT_CONVERSION = YES_AGGRESSIVE;
				CLANG_CXX_LANGUAGE_STANDARD = "gnu++20";
				CLANG_ENABLE_MODULES = YES;
				CLANG_ENABLE_OBJC_ARC = YES;
				CLANG_ENABLE_OBJC_WEAK = YES;
				CLANG_WARN_BLOCK_CAPTURE_AUTORELEASING = YES;
				CLANG_WARN_BOOL_CONVERSION = YES;
				CLANG_WARN_COMMA = YES;
				CLANG_WARN_CONSTANT_CONVERSION = YES;
				CLANG_WARN_DEPRECATED_OBJC_IMPLEMENTATIONS = YES;
				CLANG_WARN_DIRECT_OBJC_ISA_USAGE = YES_ERROR;
				CLANG_WARN_DOCUMENTATION_COMMENTS = YES;
				CLANG_WARN_EMPTY_BODY = YES;
				CLANG_WARN_ENUM_CONVERSION = YES;
				CLANG_WARN_INFINITE_RECURSION = YES;
				CLANG_WARN_INT_CONVERSION = YES;
				CLANG_WARN_NON_LITERAL_NULL_CONVERSION = YES;
				CLANG_WARN_OBJC_IMPLICIT_RETAIN_SELF = YES;
				CLANG_WARN_OBJC_LITERAL_CONVERSION = YES;
				CLANG_WARN_OBJC_ROOT_CLASS = YES_ERROR;
				CLANG_WARN_QUOTED_INCLUDE_IN_FRAMEWORK_HEADER = YES;
				CLANG_WARN_RANGE_LOOP_ANALYSIS = YES;
				CLANG_WARN_STRICT_PROTOTYPES = YES;
				CLANG_WARN_SUSPICIOUS_MOVE = YES;
				CLANG_WARN_UNGUARDED_AVAILABILITY = YES_AGGRESSIVE;
				CLANG_WARN_UNREACHABLE_CODE = YES;
				CLANG_WARN__DUPLICATE_METHOD_MATCH = YES;
				COPY_PHASE_STRIP = NO;
				DEBUG_INFORMATION_FORMAT = "dwarf-with-dsym";
				ENABLE_NS_ASSERTIONS = NO;
				ENABLE_STRICT_OBJC_MSGSEND = YES;
				GCC_C_LANGUAGE_STANDARD = gnu11;
				GCC_NO_COMMON_BLOCKS = YES;
				GCC_WARN_64_TO_32_BIT_CONVERSION = YES;
				GCC_WARN_ABOUT_RETURN_TYPE = YES_ERROR;
				GCC_WARN_UNDECLARED_SELECTOR = YES;
				GCC_WARN_UNINITIALIZED_AUTOS = YES_AGGRESSIVE;
				GCC_WARN_UNUSED_FUNCTION = YES;
				GCC_WARN_UNUSED_VARIABLE = YES;
				IPHONEOS_DEPLOYMENT_TARGET = 16.4;
				MTL_ENABLE_DEBUG_INFO = NO;
				MTL_FAST_MATH = YES;
				SDKROOT = iphoneos;
				SWIFT_COMPILATION_MODE = wholemodule;
				SWIFT_OPTIMIZATION_LEVEL = "-O";
				VALIDATE_PRODUCT = YES;
			};
			name = Release;
		};
		7916EE892B6E7C8100E7B1EC /* Debug */ = {
			isa = XCBuildConfiguration;
			buildSettings = {
				ASSETCATALOG_COMPILER_APPICON_NAME = AppIcon;
				ASSETCATALOG_COMPILER_GLOBAL_ACCENT_COLOR_NAME = AccentColor;
				CODE_SIGN_STYLE = Automatic;
				CURRENT_PROJECT_VERSION = 1;
				DEVELOPMENT_ASSET_PATHS = "\"AppleMusic_2/Preview Content\"";
				DEVELOPMENT_TEAM = 544C5YL5XT;
				ENABLE_PREVIEWS = YES;
				GENERATE_INFOPLIST_FILE = YES;
				INFOPLIST_KEY_UIApplicationSceneManifest_Generation = YES;
				INFOPLIST_KEY_UIApplicationSupportsIndirectInputEvents = YES;
				INFOPLIST_KEY_UILaunchScreen_Generation = YES;
				INFOPLIST_KEY_UISupportedInterfaceOrientations_iPad = "UIInterfaceOrientationPortrait UIInterfaceOrientationPortraitUpsideDown UIInterfaceOrientationLandscapeLeft UIInterfaceOrientationLandscapeRight";
				INFOPLIST_KEY_UISupportedInterfaceOrientations_iPhone = "UIInterfaceOrientationPortrait UIInterfaceOrientationLandscapeLeft UIInterfaceOrientationLandscapeRight";
				LD_RUNPATH_SEARCH_PATHS = (
					"$(inherited)",
					"@executable_path/Frameworks",
				);
				MARKETING_VERSION = 1.0;
				PRODUCT_BUNDLE_IDENTIFIER = "com.my.AppleMusic-2";
				PRODUCT_NAME = "$(TARGET_NAME)";
				SWIFT_EMIT_LOC_STRINGS = YES;
				SWIFT_VERSION = 5.0;
				TARGETED_DEVICE_FAMILY = "1,2";
			};
			name = Debug;
		};
		7916EE8A2B6E7C8100E7B1EC /* Release */ = {
			isa = XCBuildConfiguration;
			buildSettings = {
				ASSETCATALOG_COMPILER_APPICON_NAME = AppIcon;
				ASSETCATALOG_COMPILER_GLOBAL_ACCENT_COLOR_NAME = AccentColor;
				CODE_SIGN_STYLE = Automatic;
				CURRENT_PROJECT_VERSION = 1;
				DEVELOPMENT_ASSET_PATHS = "\"AppleMusic_2/Preview Content\"";
				DEVELOPMENT_TEAM = 544C5YL5XT;
				ENABLE_PREVIEWS = YES;
				GENERATE_INFOPLIST_FILE = YES;
				INFOPLIST_KEY_UIApplicationSceneManifest_Generation = YES;
				INFOPLIST_KEY_UIApplicationSupportsIndirectInputEvents = YES;
				INFOPLIST_KEY_UILaunchScreen_Generation = YES;
				INFOPLIST_KEY_UISupportedInterfaceOrientations_iPad = "UIInterfaceOrientationPortrait UIInterfaceOrientationPortraitUpsideDown UIInterfaceOrientationLandscapeLeft UIInterfaceOrientationLandscapeRight";
				INFOPLIST_KEY_UISupportedInterfaceOrientations_iPhone = "UIInterfaceOrientationPortrait UIInterfaceOrientationLandscapeLeft UIInterfaceOrientationLandscapeRight";
				LD_RUNPATH_SEARCH_PATHS = (
					"$(inherited)",
					"@executable_path/Frameworks",
				);
				MARKETING_VERSION = 1.0;
				PRODUCT_BUNDLE_IDENTIFIER = "com.my.AppleMusic-2";
				PRODUCT_NAME = "$(TARGET_NAME)";
				SWIFT_EMIT_LOC_STRINGS = YES;
				SWIFT_VERSION = 5.0;
				TARGETED_DEVICE_FAMILY = "1,2";
			};
			name = Release;
		};
/* End XCBuildConfiguration section */

/* Begin XCConfigurationList section */
		7916EE752B6E7C7F00E7B1EC /* Build configuration list for PBXProject "AppleMusic_2" */ = {
			isa = XCConfigurationList;
			buildConfigurations = (
				7916EE862B6E7C8100E7B1EC /* Debug */,
				7916EE872B6E7C8100E7B1EC /* Release */,
			);
			defaultConfigurationIsVisible = 0;
			defaultConfigurationName = Release;
		};
		7916EE882B6E7C8100E7B1EC /* Build configuration list for PBXNativeTarget "AppleMusic_2" */ = {
			isa = XCConfigurationList;
			buildConfigurations = (
				7916EE892B6E7C8100E7B1EC /* Debug */,
				7916EE8A2B6E7C8100E7B1EC /* Release */,
			);
			defaultConfigurationIsVisible = 0;
			defaultConfigurationName = Release;
		};
/* End XCConfigurationList section */
	};
	rootObject = 7916EE722B6E7C7F00E7B1EC /* Project object */;
}
